
Microsoft Visual Studio Solution File, Format Version 12.00
# Visual Studio Version 17
VisualStudioVersion = 17.7.34031.279
MinimumVisualStudioVersion = 10.0.40219.1
Project("{8BC9CEB8-8B4A-11D0-8D11-00A0C91BC942}") = "707. Design Linked List", "707. Design Linked List\707. Design Linked List.vcxproj", "{BBC45860-B966-4CBB-9FD3-6F529EDADF43}"
EndProject
Global
	GlobalSection(SolutionConfigurationPlatforms) = preSolution
		Debug|x64 = Debug|x64
		Debug|x86 = Debug|x86
		Release|x64 = Release|x64
		Release|x86 = Release|x86
	EndGlobalSection
	GlobalSection(ProjectConfigurationPlatforms) = postSolution
		{BBC45860-B966-4CBB-9FD3-6F529EDADF43}.Debug|x64.ActiveCfg = Debug|x64
		{BBC45860-B966-4CBB-9FD3-6F529EDADF43}.Debug|x64.Build.0 = Debug|x64
		{BBC45860-B966-4CBB-9FD3-6F529EDADF43}.Debug|x86.ActiveCfg = Debug|Win32
		{BBC45860-B966-4CBB-9FD3-6F529EDADF43}.Debug|x86.Build.0 = Debug|Win32
		{BBC45860-B966-4CBB-9FD3-6F529EDADF43}.Release|x64.ActiveCfg = Release|x64
		{BBC45860-B966-4CBB-9FD3-6F529EDADF43}.Release|x64.Build.0 = Release|x64
		{BBC45860-B966-4CBB-9FD3-6F529EDADF43}.Release|x86.ActiveCfg = Release|Win32
		{BBC45860-B966-4CBB-9FD3-6F529EDADF43}.Release|x86.Build.0 = Release|Win32
	EndGlobalSection
	GlobalSection(SolutionProperties) = preSolution
		HideSolutionNode = FALSE
	EndGlobalSection
	GlobalSection(ExtensibilityGlobals) = postSolution
		SolutionGuid = {6CAE7F42-9DAE-4120-BE1A-F9420C8131A5}
	EndGlobalSection
EndGlobal
